Microsoft Visual Studio Solution File, Format Version 11.00
# Visual Studio 2008

Project("{6BB325D6-AE14-9884-5DDE-09A6202B11D4}") = "AuthorRoom", "Assembly-CSharp.csproj", "{58A54D70-58B5-5DFD-97B9-45582EE705AF}"
EndProject
Project("{6BB325D6-AE14-9884-5DDE-09A6202B11D4}") = "AuthorRoom", "Assembly-CSharp-Editor.csproj", "{E0B46C69-42E0-0A68-5D71-C62829B08E02}"
EndProject
Global
	GlobalSection(SolutionConfigurationPlatforms) = preSolution
		Debug|Any CPU = Debug|Any CPU
		Release|Any CPU = Release|Any CPU
	EndGlobalSection
	GlobalSection(ProjectConfigurationPlatforms) = postSolution
		{58A54D70-58B5-5DFD-97B9-45582EE705AF}.Debug|Any CPU.ActiveCfg = Debug|Any CPU
		{58A54D70-58B5-5DFD-97B9-45582EE705AF}.Debug|Any CPU.Build.0 = Debug|Any CPU
		{58A54D70-58B5-5DFD-97B9-45582EE705AF}.Release|Any CPU.ActiveCfg = Release|Any CPU
		{58A54D70-58B5-5DFD-97B9-45582EE705AF}.Release|Any CPU.Build.0 = Release|Any CPU
		{E0B46C69-42E0-0A68-5D71-C62829B08E02}.Debug|Any CPU.ActiveCfg = Debug|Any CPU
		{E0B46C69-42E0-0A68-5D71-C62829B08E02}.Debug|Any CPU.Build.0 = Debug|Any CPU
		{E0B46C69-42E0-0A68-5D71-C62829B08E02}.Release|Any CPU.ActiveCfg = Release|Any CPU
		{E0B46C69-42E0-0A68-5D71-C62829B08E02}.Release|Any CPU.Build.0 = Release|Any CPU
	EndGlobalSection
	GlobalSection(SolutionProperties) = preSolution
		HideSolutionNode = FALSE
	EndGlobalSection
	GlobalSection(MonoDevelopProperties) = preSolution
		StartupItem = Assembly-CSharp.csproj
	EndGlobalSection
EndGlobal
